
Microsoft Visual Studio Solution File, Format Version 12.00
# Visual Studio 15
Project("{FAE04EC0-301F-11D3-BF4B-00C04F79EFBC}") = "Assembly-CSharp", "Assembly-CSharp.csproj", "{645E418F-0EA2-6BDC-53AA-A9BCF74EEB5E}"
EndProject
Project("{FAE04EC0-301F-11D3-BF4B-00C04F79EFBC}") = "StylizedWaterForURP", "StylizedWaterForURP.csproj", "{C4D01F9F-B5FC-1EE7-4EA0-B97E08E3DADE}"
EndProject
Project("{FAE04EC0-301F-11D3-BF4B-00C04F79EFBC}") = "StylizedWaterForURPEditor", "StylizedWaterForURPEditor.csproj", "{895AF777-E30D-2F2B-BBD5-9B5BA586B0C4}"
EndProject
Project("{FAE04EC0-301F-11D3-BF4B-00C04F79EFBC}") = "Assembly-CSharp-Editor", "Assembly-CSharp-Editor.csproj", "{FDC8B12B-14E0-A6AA-8C8D-78EFA38D820F}"
EndProject
Global
	GlobalSection(SolutionConfigurationPlatforms) = preSolution
		Debug|Any CPU = Debug|Any CPU
		Release|Any CPU = Release|Any CPU
	EndGlobalSection
	GlobalSection(ProjectConfigurationPlatforms) = postSolution
		{645E418F-0EA2-6BDC-53AA-A9BCF74EEB5E}.Debug|Any CPU.ActiveCfg = Debug|Any CPU
		{645E418F-0EA2-6BDC-53AA-A9BCF74EEB5E}.Debug|Any CPU.Build.0 = Debug|Any CPU
		{645E418F-0EA2-6BDC-53AA-A9BCF74EEB5E}.Release|Any CPU.ActiveCfg = Release|Any CPU
		{645E418F-0EA2-6BDC-53AA-A9BCF74EEB5E}.Release|Any CPU.Build.0 = Release|Any CPU
		{C4D01F9F-B5FC-1EE7-4EA0-B97E08E3DADE}.Debug|Any CPU.ActiveCfg = Debug|Any CPU
		{C4D01F9F-B5FC-1EE7-4EA0-B97E08E3DADE}.Debug|Any CPU.Build.0 = Debug|Any CPU
		{C4D01F9F-B5FC-1EE7-4EA0-B97E08E3DADE}.Release|Any CPU.ActiveCfg = Release|Any CPU
		{C4D01F9F-B5FC-1EE7-4EA0-B97E08E3DADE}.Release|Any CPU.Build.0 = Release|Any CPU
		{895AF777-E30D-2F2B-BBD5-9B5BA586B0C4}.Debug|Any CPU.ActiveCfg = Debug|Any CPU
		{895AF777-E30D-2F2B-BBD5-9B5BA586B0C4}.Debug|Any CPU.Build.0 = Debug|Any CPU
		{895AF777-E30D-2F2B-BBD5-9B5BA586B0C4}.Release|Any CPU.ActiveCfg = Release|Any CPU
		{895AF777-E30D-2F2B-BBD5-9B5BA586B0C4}.Release|Any CPU.Build.0 = Release|Any CPU
		{FDC8B12B-14E0-A6AA-8C8D-78EFA38D820F}.Debug|Any CPU.ActiveCfg = Debug|Any CPU
		{FDC8B12B-14E0-A6AA-8C8D-78EFA38D820F}.Debug|Any CPU.Build.0 = Debug|Any CPU
		{FDC8B12B-14E0-A6AA-8C8D-78EFA38D820F}.Release|Any CPU.ActiveCfg = Release|Any CPU
		{FDC8B12B-14E0-A6AA-8C8D-78EFA38D820F}.Release|Any CPU.Build.0 = Release|Any CPU
	EndGlobalSection
	GlobalSection(SolutionProperties) = preSolution
		HideSolutionNode = FALSE
	EndGlobalSection
EndGlobal
